
Microsoft Visual Studio Solution File, Format Version 12.00
# Visual Studio 15
VisualStudioVersion = 15.0.28010.2003
MinimumVisualStudioVersion = 10.0.40219.1
Project("{9A19103F-16F7-4668-BE54-9A1E7A4F7556}") = "API", "api\API.csproj", "{0FA7B844-FFF9-40C4-84AE-5A99E3D7630F}"
EndProject
Project("{9A19103F-16F7-4668-BE54-9A1E7A4F7556}") = "Client", "client\Client.csproj", "{947B6E0E-AB68-43E1-A4F3-70807DD59E22}"
EndProject
Global
	GlobalSection(SolutionConfigurationPlatforms) = preSolution
		Debug|Any CPU = Debug|Any CPU
		Release|Any CPU = Release|Any CPU
	EndGlobalSection
	GlobalSection(ProjectConfigurationPlatforms) = postSolution
		{0FA7B844-FFF9-40C4-84AE-5A99E3D7630F}.Debug|Any CPU.ActiveCfg = Debug|Any CPU
		{0FA7B844-FFF9-40C4-84AE-5A99E3D7630F}.Debug|Any CPU.Build.0 = Debug|Any CPU
		{0FA7B844-FFF9-40C4-84AE-5A99E3D7630F}.Release|Any CPU.ActiveCfg = Release|Any CPU
		{0FA7B844-FFF9-40C4-84AE-5A99E3D7630F}.Release|Any CPU.Build.0 = Release|Any CPU
		{947B6E0E-AB68-43E1-A4F3-70807DD59E22}.Debug|Any CPU.ActiveCfg = Debug|Any CPU
		{947B6E0E-AB68-43E1-A4F3-70807DD59E22}.Debug|Any CPU.Build.0 = Debug|Any CPU
		{947B6E0E-AB68-43E1-A4F3-70807DD59E22}.Release|Any CPU.ActiveCfg = Release|Any CPU
		{947B6E0E-AB68-43E1-A4F3-70807DD59E22}.Release|Any CPU.Build.0 = Release|Any CPU
	EndGlobalSection
	GlobalSection(SolutionProperties) = preSolution
		HideSolutionNode = FALSE
	EndGlobalSection
	GlobalSection(ExtensibilityGlobals) = postSolution
		SolutionGuid = {BD04EBA7-4CE5-4080-B67E-D5AE4BCA7D6B}
	EndGlobalSection
EndGlobal
